
Microsoft Visual Studio Solution File, Format Version 12.00
# Visual Studio Version 17
VisualStudioVersion = 17.3.32929.385
MinimumVisualStudioVersion = 10.0.40219.1
Project("{9A19103F-16F7-4668-BE54-9A1E7A4F7556}") = "ClientSide", "ClientSide\ClientSide.csproj", "{DCA4BD72-7FFB-43A8-B7C6-C574C57E665C}"
EndProject
Project("{FAE04EC0-301F-11D3-BF4B-00C04F79EFBC}") = "ClientSideTests", "ClientSideTests\ClientSideTests.csproj", "{34E3AC3F-8009-473C-B0EA-AB7C09B592F3}"
EndProject
Global
	GlobalSection(SolutionConfigurationPlatforms) = preSolution
		Debug|Any CPU = Debug|Any CPU
		Release|Any CPU = Release|Any CPU
	EndGlobalSection
	GlobalSection(ProjectConfigurationPlatforms) = postSolution
		{DCA4BD72-7FFB-43A8-B7C6-C574C57E665C}.Debug|Any CPU.ActiveCfg = Debug|Any CPU
		{DCA4BD72-7FFB-43A8-B7C6-C574C57E665C}.Debug|Any CPU.Build.0 = Debug|Any CPU
		{DCA4BD72-7FFB-43A8-B7C6-C574C57E665C}.Release|Any CPU.ActiveCfg = Release|Any CPU
		{DCA4BD72-7FFB-43A8-B7C6-C574C57E665C}.Release|Any CPU.Build.0 = Release|Any CPU
		{34E3AC3F-8009-473C-B0EA-AB7C09B592F3}.Debug|Any CPU.ActiveCfg = Debug|Any CPU
		{34E3AC3F-8009-473C-B0EA-AB7C09B592F3}.Debug|Any CPU.Build.0 = Debug|Any CPU
		{34E3AC3F-8009-473C-B0EA-AB7C09B592F3}.Release|Any CPU.ActiveCfg = Release|Any CPU
		{34E3AC3F-8009-473C-B0EA-AB7C09B592F3}.Release|Any CPU.Build.0 = Release|Any CPU
	EndGlobalSection
	GlobalSection(SolutionProperties) = preSolution
		HideSolutionNode = FALSE
	EndGlobalSection
	GlobalSection(ExtensibilityGlobals) = postSolution
		SolutionGuid = {514361CF-CA4B-46D7-8200-D01BF703F791}
	EndGlobalSection
EndGlobal
